// !$*UTF8*$!
{
	archiveVersion = 1;
	classes = {
	};
	objectVersion = 50;
	objects = {

/* Begin PBXBuildFile section */
		7B7DAD9F24D2628D0070A5A2 /* Grid.swift in Sources */ = {isa = PBXBuildFile; fileRef = 7B7DAD9E24D2628D0070A5A2 /* Grid.swift */; };
		7B7DADA124D268100070A5A2 /* GridLayout.swift in Sources */ = {isa = PBXBuildFile; fileRef = 7B7DADA024D268100070A5A2 /* GridLayout.swift */; };
		7B8F5B2724D7A86900ED2C03 /* pie.swift in Sources */ = {isa = PBXBuildFile; fileRef = 7B8F5B2624D7A86900ED2C03 /* pie.swift */; };
		7B8F5B2924D7B13500ED2C03 /* Cardify.swift in Sources */ = {isa = PBXBuildFile; fileRef = 7B8F5B2824D7B13500ED2C03 /* Cardify.swift */; };
		7B96359224D6C5C10095537F /* Array+identifiable.swift in Sources */ = {isa = PBXBuildFile; fileRef = 7B96359124D6C5C10095537F /* Array+identifiable.swift */; };
		7B96359424D6DBBE0095537F /* Array+Only.swift in Sources */ = {isa = PBXBuildFile; fileRef = 7B96359324D6DBBE0095537F /* Array+Only.swift */; };
		7BCDB7DF24C8BBA9006239FF /* AppDelegate.swift in Sources */ = {isa = PBXBuildFile; fileRef = 7BCDB7DE24C8BBA9006239FF /* AppDelegate.swift */; };
		7BCDB7E124C8BBA9006239FF /* SceneDelegate.swift in Sources */ = {isa = PBXBuildFile; fileRef = 7BCDB7E024C8BBA9006239FF /* SceneDelegate.swift */; };
		7BCDB7E324C8BBA9006239FF /* EmojiMemoryGameView.swift in Sources */ = {isa = PBXBuildFile; fileRef = 7BCDB7E224C8BBA9006239FF /* EmojiMemoryGameView.swift */; };
		7BCDB7E524C8BBAA006239FF /* Assets.xcassets in Resources */ = {isa = PBXBuildFile; fileRef = 7BCDB7E424C8BBAA006239FF /* Assets.xcassets */; };
		7BCDB7E824C8BBAA006239FF /* Preview Assets.xcassets in Resources */ = {isa = PBXBuildFile; fileRef = 7BCDB7E724C8BBAA006239FF /* Preview Assets.xcassets */; };
		7BCDB7EB24C8BBAA006239FF /* LaunchScreen.storyboard in Resources */ = {isa = PBXBuildFile; fileRef = 7BCDB7E924C8BBAA006239FF /* LaunchScreen.storyboard */; };
		7BCE9A1724CB7BBE005771FF /* MemoryGame.swift in Sources */ = {isa = PBXBuildFile; fileRef = 7BCE9A1624CB7BBE005771FF /* MemoryGame.swift */; };
		7BCE9A1924CB7DBD005771FF /* EmojiMemoryGame.swift in Sources */ = {isa = PBXBuildFile; fileRef = 7BCE9A1824CB7DBD005771FF /* EmojiMemoryGame.swift */; };
/* End PBXBuildFile section */

/* Begin PBXFileReference section */
		7B7DAD9E24D2628D0070A5A2 /* Grid.swift */ = {isa = PBXFileReference; lastKnownFileType = sourcecode.swift; path = Grid.swift; sourceTree = "<group>"; };
		7B7DADA024D268100070A5A2 /* GridLayout.swift */ = {isa = PBXFileReference; fileEncoding = 4; lastKnownFileType = sourcecode.swift; path = GridLayout.swift; sourceTree = "<group>"; };
		7B8F5B2624D7A86900ED2C03 /* pie.swift */ = {isa = PBXFileReference; lastKnownFileType = sourcecode.swift; path = pie.swift; sourceTree = "<group>"; };
		7B8F5B2824D7B13500ED2C03 /* Cardify.swift */ = {isa = PBXFileReference; lastKnownFileType = sourcecode.swift; path = Cardify.swift; sourceTree = "<group>"; };
		7B96359124D6C5C10095537F /* Array+identifiable.swift */ = {isa = PBXFileReference; lastKnownFileType = sourcecode.swift; path = "Array+identifiable.swift"; sourceTree = "<group>"; };
		7B96359324D6DBBE0095537F /* Array+Only.swift */ = {isa = PBXFileReference; lastKnownFileType = sourcecode.swift; path = "Array+Only.swift"; sourceTree = "<group>"; };
		7BCDB7DB24C8BBA9006239FF /* Memorize.app */ = {isa = PBXFileReference; explicitFileType = wrapper.application; includeInIndex = 0; path = Memorize.app; sourceTree = BUILT_PRODUCTS_DIR; };
		7BCDB7DE24C8BBA9006239FF /* AppDelegate.swift */ = {isa = PBXFileReference; lastKnownFileType = sourcecode.swift; path = AppDelegate.swift; sourceTree = "<group>"; };
		7BCDB7E024C8BBA9006239FF /* SceneDelegate.swift */ = {isa = PBXFileReference; lastKnownFileType = sourcecode.swift; path = SceneDelegate.swift; sourceTree = "<group>"; };
		7BCDB7E224C8BBA9006239FF /* EmojiMemoryGameView.swift */ = {isa = PBXFileReference; lastKnownFileType = sourcecode.swift; path = EmojiMemoryGameView.swift; sourceTree = "<group>"; };
		7BCDB7E424C8BBAA006239FF /* Assets.xcassets */ = {isa = PBXFileReference; lastKnownFileType = folder.assetcatalog; path = Assets.xcassets; sourceTree = "<group>"; };
		7BCDB7E724C8BBAA006239FF /* Preview Assets.xcassets */ = {isa = PBXFileReference; lastKnownFileType = folder.assetcatalog; path = "Preview Assets.xcassets"; sourceTree = "<group>"; };
		7BCDB7EA24C8BBAA006239FF /* Base */ = {isa = PBXFileReference; lastKnownFileType = file.storyboard; name = Base; path = Base.lproj/LaunchScreen.storyboard; sourceTree = "<group>"; };
		7BCDB7EC24C8BBAA006239FF /* Info.plist */ = {isa = PBXFileReference; lastKnownFileType = text.plist.xml; path = Info.plist; sourceTree = "<group>"; };
		7BCE9A1624CB7BBE005771FF /* MemoryGame.swift */ = {isa = PBXFileReference; lastKnownFileType = sourcecode.swift; path = MemoryGame.swift; sourceTree = "<group>"; };
		7BCE9A1824CB7DBD005771FF /* EmojiMemoryGame.swift */ = {isa = PBXFileReference; lastKnownFileType = sourcecode.swift; path = EmojiMemoryGame.swift; sourceTree = "<group>"; };
/* End PBXFileReference section */

/* Begin PBXFrameworksBuildPhase section */
		7BCDB7D824C8BBA9006239FF /* Frameworks */ = {
			isa = PBXFrameworksBuildPhase;
			buildActionMask = 2147483647;
			files = (
			);
			runOnlyForDeploymentPostprocessing = 0;
		};
/* End PBXFrameworksBuildPhase section */

/* Begin PBXGroup section */
		7BCDB7D224C8BBA9006239FF = {
			isa = PBXGroup;
			children = (
				7BCDB7DD24C8BBA9006239FF /* Memorize */,
				7BCDB7DC24C8BBA9006239FF /* Products */,
			);
			sourceTree = "<group>";
		};
		7BCDB7DC24C8BBA9006239FF /* Products */ = {
			isa = PBXGroup;
			children = (
				7BCDB7DB24C8BBA9006239FF /* Memorize.app */,
			);
			name = Products;
			sourceTree = "<group>";
		};
		7BCDB7DD24C8BBA9006239FF /* Memorize */ = {
			isa = PBXGroup;
			children = (
				7BCDB7DE24C8BBA9006239FF /* AppDelegate.swift */,
				7BCDB7E024C8BBA9006239FF /* SceneDelegate.swift */,
				7BCDB7E224C8BBA9006239FF /* EmojiMemoryGameView.swift */,
				7B8F5B2824D7B13500ED2C03 /* Cardify.swift */,
				7B8F5B2624D7A86900ED2C03 /* pie.swift */,
				7B7DADA024D268100070A5A2 /* GridLayout.swift */,
				7B7DAD9E24D2628D0070A5A2 /* Grid.swift */,
				7BCE9A1624CB7BBE005771FF /* MemoryGame.swift */,
				7B96359124D6C5C10095537F /* Array+identifiable.swift */,
				7B96359324D6DBBE0095537F /* Array+Only.swift */,
				7BCE9A1824CB7DBD005771FF /* EmojiMemoryGame.swift */,
				7BCDB7E424C8BBAA006239FF /* Assets.xcassets */,
				7BCDB7E924C8BBAA006239FF /* LaunchScreen.storyboard */,
				7BCDB7EC24C8BBAA006239FF /* Info.plist */,
				7BCDB7E624C8BBAA006239FF /* Preview Content */,
			);
			path = Memorize;
			sourceTree = "<group>";
		};
		7BCDB7E624C8BBAA006239FF /* Preview Content */ = {
			isa = PBXGroup;
			children = (
				7BCDB7E724C8BBAA006239FF /* Preview Assets.xcassets */,
			);
			path = "Preview Content";
			sourceTree = "<group>";
		};
/* End PBXGroup section */

/* Begin PBXNativeTarget section */
		7BCDB7DA24C8BBA9006239FF /* Memorize */ = {
			isa = PBXNativeTarget;
			buildConfigurationList = 7BCDB7EF24C8BBAA006239FF /* Build configuration list for PBXNativeTarget "Memorize" */;
			buildPhases = (
				7BCDB7D724C8BBA9006239FF /* Sources */,
				7BCDB7D824C8BBA9006239FF /* Frameworks */,
				7BCDB7D924C8BBA9006239FF /* Resources */,
			);
			buildRules = (
			);
			dependencies = (
			);
			name = Memorize;
			productName = Memorize;
			productReference = 7BCDB7DB24C8BBA9006239FF /* Memorize.app */;
			productType = "com.apple.product-type.application";
		};
/* End PBXNativeTarget section */

/* Begin PBXProject section */
		7BCDB7D324C8BBA9006239FF /* Project object */ = {
			isa = PBXProject;
			attributes = {
				LastSwiftUpdateCheck = 1150;
				LastUpgradeCheck = 1150;
				ORGANIZATIONNAME = "Abdelazizfmohamed@gmail.com";
				TargetAttributes = {
					7BCDB7DA24C8BBA9006239FF = {
						CreatedOnToolsVersion = 11.5;
					};
				};
			};
			buildConfigurationList = 7BCDB7D624C8BBA9006239FF /* Build configuration list for PBXProject "Memorize" */;
			compatibilityVersion = "Xcode 9.3";
			developmentRegion = en;
			hasScannedForEncodings = 0;
			knownRegions = (
				en,
				Base,
			);
			mainGroup = 7BCDB7D224C8BBA9006239FF;
			productRefGroup = 7BCDB7DC24C8BBA9006239FF /* Products */;
			projectDirPath = "";
			projectRoot = "";
			targets = (
				7BCDB7DA24C8BBA9006239FF /* Memorize */,
			);
		};
/* End PBXProject section */

/* Begin PBXResourcesBuildPhase section */
		7BCDB7D924C8BBA9006239FF /* Resources */ = {
			isa = PBXResourcesBuildPhase;
			buildActionMask = 2147483647;
			files = (
				7BCDB7EB24C8BBAA006239FF /* LaunchScreen.storyboard in Resources */,
				7BCDB7E824C8BBAA006239FF /* Preview Assets.xcassets in Resources */,
				7BCDB7E524C8BBAA006239FF /* Assets.xcassets in Resources */,
			);
			runOnlyForDeploymentPostprocessing = 0;
		};
/* End PBXResourcesBuildPhase section */

/* Begin PBXSourcesBuildPhase section */
		7BCDB7D724C8BBA9006239FF /* Sources */ = {
			isa = PBXSourcesBuildPhase;
			buildActionMask = 2147483647;
			files = (
				7B8F5B2924D7B13500ED2C03 /* Cardify.swift in Sources */,
				7BCDB7DF24C8BBA9006239FF /* AppDelegate.swift in Sources */,
				7BCDB7E124C8BBA9006239FF /* SceneDelegate.swift in Sources */,
				7BCE9A1724CB7BBE005771FF /* MemoryGame.swift in Sources */,
				7B96359424D6DBBE0095537F /* Array+Only.swift in Sources */,
				7BCDB7E324C8BBA9006239FF /* EmojiMemoryGameView.swift in Sources */,
				7B8F5B2724D7A86900ED2C03 /* pie.swift in Sources */,
				7BCE9A1924CB7DBD005771FF /* EmojiMemoryGame.swift in Sources */,
				7B96359224D6C5C10095537F /* Array+identifiable.swift in Sources */,
				7B7DADA124D268100070A5A2 /* GridLayout.swift in Sources */,
				7B7DAD9F24D2628D0070A5A2 /* Grid.swift in Sources */,
			);
			runOnlyForDeploymentPostprocessing = 0;
		};
/* End PBXSourcesBuildPhase section */

/* Begin PBXVariantGroup section */
		7BCDB7E924C8BBAA006239FF /* LaunchScreen.storyboard */ = {
			isa = PBXVariantGroup;
			children = (
				7BCDB7EA24C8BBAA006239FF /* Base */,
			);
			name = LaunchScreen.storyboard;
			sourceTree = "<group>";
		};
/* End PBXVariantGroup section */

/* Begin XCBuildConfiguration section */
		7BCDB7ED24C8BBAA006239FF /* Debug */ = {
			isa = XCBuildConfiguration;
			buildSettings = {
				ALWAYS_SEARCH_USER_PATHS = NO;
				CLANG_ANALYZER_NONNULL = YES;
				CLANG_ANALYZER_NUMBER_OBJECT_CONVERSION = YES_AGGRESSIVE;
				CLANG_CXX_LANGUAGE_STANDARD = "gnu++14";
				CLANG_CXX_LIBRARY = "libc++";
				CLANG_ENABLE_MODULES = YES;
				CLANG_ENABLE_OBJC_ARC = YES;
				CLANG_ENABLE_OBJC_WEAK = YES;
				CLANG_WARN_BLOCK_CAPTURE_AUTORELEASING = YES;
				CLANG_WARN_BOOL_CONVERSION = YES;
				CLANG_WARN_COMMA = YES;
				CLANG_WARN_CONSTANT_CONVERSION = YES;
				CLANG_WARN_DEPRECATED_OBJC_IMPLEMENTATIONS = YES;
				CLANG_WARN_DIRECT_OBJC_ISA_USAGE = YES_ERROR;
				CLANG_WARN_DOCUMENTATION_COMMENTS = YES;
				CLANG_WARN_EMPTY_BODY = YES;
				CLANG_WARN_ENUM_CONVERSION = YES;
				CLANG_WARN_INFINITE_RECURSION = YES;
				CLANG_WARN_INT_CONVERSION = YES;
				CLANG_WARN_NON_LITERAL_NULL_CONVERSION = YES;
				CLANG_WARN_OBJC_IMPLICIT_RETAIN_SELF = YES;
				CLANG_WARN_OBJC_LITERAL_CONVERSION = YES;
				CLANG_WARN_OBJC_ROOT_CLASS = YES_ERROR;
				CLANG_WARN_RANGE_LOOP_ANALYSIS = YES;
				CLANG_WARN_STRICT_PROTOTYPES = YES;
				CLANG_WARN_SUSPICIOUS_MOVE = YES;
				CLANG_WARN_UNGUARDED_AVAILABILITY = YES_AGGRESSIVE;
				CLANG_WARN_UNREACHABLE_CODE = YES;
				CLANG_WARN__DUPLICATE_METHOD_MATCH = YES;
				COPY_PHASE_STRIP = NO;
				DEBUG_INFORMATION_FORMAT = dwarf;
				ENABLE_STRICT_OBJC_MSGSEND = YES;
				ENABLE_TESTABILITY = YES;
				GCC_C_LANGUAGE_STANDARD = gnu11;
				GCC_DYNAMIC_NO_PIC = NO;
				GCC_NO_COMMON_BLOCKS = YES;
				GCC_OPTIMIZATION_LEVEL = 0;
				GCC_PREPROCESSOR_DEFINITIONS = (
					"DEBUG=1",
					"$(inherited)",
				);
				GCC_WARN_64_TO_32_BIT_CONVERSION = YES;
				GCC_WARN_ABOUT_RETURN_TYPE = YES_ERROR;
				GCC_WARN_UNDECLARED_SELECTOR = YES;
				GCC_WARN_UNINITIALIZED_AUTOS = YES_AGGRESSIVE;
				GCC_WARN_UNUSED_FUNCTION = YES;
				GCC_WARN_UNUSED_VARIABLE = YES;
				IPHONEOS_DEPLOYMENT_TARGET = 13.5;
				MTL_ENABLE_DEBUG_INFO = INCLUDE_SOURCE;
				MTL_FAST_MATH = YES;
				ONLY_ACTIVE_ARCH = YES;
				SDKROOT = iphoneos;
				SWIFT_ACTIVE_COMPILATION_CONDITIONS = DEBUG;
				SWIFT_OPTIMIZATION_LEVEL = "-Onone";
			};
			name = Debug;
		};
		7BCDB7EE24C8BBAA006239FF /* Release */ = {
			isa = XCBuildConfiguration;
			buildSettings = {
				ALWAYS_SEARCH_USER_PATHS = NO;
				CLANG_ANALYZER_NONNULL = YES;
				CLANG_ANALYZER_NUMBER_OBJECT_CONVERSION = YES_AGGRESSIVE;
				CLANG_CXX_LANGUAGE_STANDARD = "gnu++14";
				CLANG_CXX_LIBRARY = "libc++";
				CLANG_ENABLE_MODULES = YES;
				CLANG_ENABLE_OBJC_ARC = YES;
				CLANG_ENABLE_OBJC_WEAK = YES;
				CLANG_WARN_BLOCK_CAPTURE_AUTORELEASING = YES;
				CLANG_WARN_BOOL_CONVERSION = YES;
				CLANG_WARN_COMMA = YES;
				CLANG_WARN_CONSTANT_CONVERSION = YES;
				CLANG_WARN_DEPRECATED_OBJC_IMPLEMENTATIONS = YES;
				CLANG_WARN_DIRECT_OBJC_ISA_USAGE = YES_ERROR;
				CLANG_WARN_DOCUMENTATION_COMMENTS = YES;
				CLANG_WARN_EMPTY_BODY = YES;
				CLANG_WARN_ENUM_CONVERSION = YES;
				CLANG_WARN_INFINITE_RECURSION = YES;
				CLANG_WARN_INT_CONVERSION = YES;
				CLANG_WARN_NON_LITERAL_NULL_CONVERSION = YES;
				CLANG_WARN_OBJC_IMPLICIT_RETAIN_SELF = YES;
				CLANG_WARN_OBJC_LITERAL_CONVERSION = YES;
				CLANG_WARN_OBJC_ROOT_CLASS = YES_ERROR;
				CLANG_WARN_RANGE_LOOP_ANALYSIS = YES;
				CLANG_WARN_STRICT_PROTOTYPES = YES;
				CLANG_WARN_SUSPICIOUS_MOVE = YES;
				CLANG_WARN_UNGUARDED_AVAILABILITY = YES_AGGRESSIVE;
				CLANG_WARN_UNREACHABLE_CODE = YES;
				CLANG_WARN__DUPLICATE_METHOD_MATCH = YES;
				COPY_PHASE_STRIP = NO;
				DEBUG_INFORMATION_FORMAT = "dwarf-with-dsym";
				ENABLE_NS_ASSERTIONS = NO;
				ENABLE_STRICT_OBJC_MSGSEND = YES;
				GCC_C_LANGUAGE_STANDARD = gnu11;
				GCC_NO_COMMON_BLOCKS = YES;
				GCC_WARN_64_TO_32_BIT_CONVERSION = YES;
				GCC_WARN_ABOUT_RETURN_TYPE = YES_ERROR;
				GCC_WARN_UNDECLARED_SELECTOR = YES;
				GCC_WARN_UNINITIALIZED_AUTOS = YES_AGGRESSIVE;
				GCC_WARN_UNUSED_FUNCTION = YES;
				GCC_WARN_UNUSED_VARIABLE = YES;
				IPHONEOS_DEPLOYMENT_TARGET = 13.5;
				MTL_ENABLE_DEBUG_INFO = NO;
				MTL_FAST_MATH = YES;
				SDKROOT = iphoneos;
				SWIFT_COMPILATION_MODE = wholemodule;
				SWIFT_OPTIMIZATION_LEVEL = "-O";
				VALIDATE_PRODUCT = YES;
			};
			name = Release;
		};
		7BCDB7F024C8BBAA006239FF /* Debug */ = {
			isa = XCBuildConfiguration;
			buildSettings = {
				ASSETCATALOG_COMPILER_APPICON_NAME = AppIcon;
				CODE_SIGN_STYLE = Automatic;
				DEVELOPMENT_ASSET_PATHS = "\"Memorize/Preview Content\"";
				DEVELOPMENT_TEAM = FLGDYU96PN;
				ENABLE_PREVIEWS = YES;
				INFOPLIST_FILE = Memorize/Info.plist;
				LD_RUNPATH_SEARCH_PATHS = (
					"$(inherited)",
					"@executable_path/Frameworks",
				);
				PRODUCT_BUNDLE_IDENTIFIER = AbdelazizMohamed37.Memorize;
				PRODUCT_NAME = "$(TARGET_NAME)";
				SWIFT_VERSION = 5.0;
				TARGETED_DEVICE_FAMILY = "1,2";
			};
			name = Debug;
		};
		7BCDB7F124C8BBAA006239FF /* Release */ = {
			isa = XCBuildConfiguration;
			buildSettings = {
				ASSETCATALOG_COMPILER_APPICON_NAME = AppIcon;
				CODE_SIGN_STYLE = Automatic;
				DEVELOPMENT_ASSET_PATHS = "\"Memorize/Preview Content\"";
				DEVELOPMENT_TEAM = FLGDYU96PN;
				ENABLE_PREVIEWS = YES;
				INFOPLIST_FILE = Memorize/Info.plist;
				LD_RUNPATH_SEARCH_PATHS = (
					"$(inherited)",
					"@executable_path/Frameworks",
				);
				PRODUCT_BUNDLE_IDENTIFIER = AbdelazizMohamed37.Memorize;
				PRODUCT_NAME = "$(TARGET_NAME)";
				SWIFT_VERSION = 5.0;
				TARGETED_DEVICE_FAMILY = "1,2";
			};
			name = Release;
		};
/* End XCBuildConfiguration section */

/* Begin XCConfigurationList section */
		7BCDB7D624C8BBA9006239FF /* Build configuration list for PBXProject "Memorize" */ = {
			isa = XCConfigurationList;
			buildConfigurations = (
				7BCDB7ED24C8BBAA006239FF /* Debug */,
				7BCDB7EE24C8BBAA006239FF /* Release */,
			);
			defaultConfigurationIsVisible = 0;
			defaultConfigurationName = Release;
		};
		7BCDB7EF24C8BBAA006239FF /* Build configuration list for PBXNativeTarget "Memorize" */ = {
			isa = XCConfigurationList;
			buildConfigurations = (
				7BCDB7F024C8BBAA006239FF /* Debug */,
				7BCDB7F124C8BBAA006239FF /* Release */,
			);
			defaultConfigurationIsVisible = 0;
			defaultConfigurationName = Release;
		};
/* End XCConfigurationList section */
	};
	rootObject = 7BCDB7D324C8BBA9006239FF /* Project object */;
}
